// !$*UTF8*$!
{
	archiveVersion = 1;
	classes = {
	};
	objectVersion = 55;
	objects = {

/* Begin PBXBuildFile section */
		5D9D1B642799F71F00B887F5 /* AppDelegate.swift in Sources */ = {isa = PBXBuildFile; fileRef = 5D9D1B632799F71F00B887F5 /* AppDelegate.swift */; };
		5D9D1B662799F71F00B887F5 /* SceneDelegate.swift in Sources */ = {isa = PBXBuildFile; fileRef = 5D9D1B652799F71F00B887F5 /* SceneDelegate.swift */; };
		5D9D1B682799F71F00B887F5 /* ViewController.swift in Sources */ = {isa = PBXBuildFile; fileRef = 5D9D1B672799F71F00B887F5 /* ViewController.swift */; };
		5D9D1B6B2799F71F00B887F5 /* Main.storyboard in Resources */ = {isa = PBXBuildFile; fileRef = 5D9D1B692799F71F00B887F5 /* Main.storyboard */; };
		5D9D1B6D2799F72100B887F5 /* Assets.xcassets in Resources */ = {isa = PBXBuildFile; fileRef = 5D9D1B6C2799F72100B887F5 /* Assets.xcassets */; };
		5D9D1B702799F72100B887F5 /* LaunchScreen.storyboard in Resources */ = {isa = PBXBuildFile; fileRef = 5D9D1B6E2799F72100B887F5 /* LaunchScreen.storyboard */; };
		5D9D1B7B2799F72200B887F5 /* Flix_ProjectTests.swift in Sources */ = {isa = PBXBuildFile; fileRef = 5D9D1B7A2799F72200B887F5 /* Flix_ProjectTests.swift */; };
		5D9D1B852799F72200B887F5 /* Flix_ProjectUITests.swift in Sources */ = {isa = PBXBuildFile; fileRef = 5D9D1B842799F72200B887F5 /* Flix_ProjectUITests.swift */; };
		5D9D1B872799F72200B887F5 /* Flix_ProjectUITestsLaunchTests.swift in Sources */ = {isa = PBXBuildFile; fileRef = 5D9D1B862799F72200B887F5 /* Flix_ProjectUITestsLaunchTests.swift */; };
/* End PBXBuildFile section */

/* Begin PBXContainerItemProxy section */
		5D9D1B772799F72200B887F5 /* PBXContainerItemProxy */ = {
			isa = PBXContainerItemProxy;
			containerPortal = 5D9D1B582799F71F00B887F5 /* Project object */;
			proxyType = 1;
			remoteGlobalIDString = 5D9D1B5F2799F71F00B887F5;
			remoteInfo = "Flix-Project";
		};
		5D9D1B812799F72200B887F5 /* PBXContainerItemProxy */ = {
			isa = PBXContainerItemProxy;
			containerPortal = 5D9D1B582799F71F00B887F5 /* Project object */;
			proxyType = 1;
			remoteGlobalIDString = 5D9D1B5F2799F71F00B887F5;
			remoteInfo = "Flix-Project";
		};
/* End PBXContainerItemProxy section */

/* Begin PBXFileReference section */
		5D9D1B602799F71F00B887F5 /* Flix-Project.app */ = {isa = PBXFileReference; explicitFileType = wrapper.application; includeInIndex = 0; path = "Flix-Project.app"; sourceTree = BUILT_PRODUCTS_DIR; };
		5D9D1B632799F71F00B887F5 /* AppDelegate.swift */ = {isa = PBXFileReference; lastKnownFileType = sourcecode.swift; path = AppDelegate.swift; sourceTree = "<group>"; };
		5D9D1B652799F71F00B887F5 /* SceneDelegate.swift */ = {isa = PBXFileReference; lastKnownFileType = sourcecode.swift; path = SceneDelegate.swift; sourceTree = "<group>"; };
		5D9D1B672799F71F00B887F5 /* ViewController.swift */ = {isa = PBXFileReference; lastKnownFileType = sourcecode.swift; path = ViewController.swift; sourceTree = "<group>"; };
		5D9D1B6A2799F71F00B887F5 /* Base */ = {isa = PBXFileReference; lastKnownFileType = file.storyboard; name = Base; path = Base.lproj/Main.storyboard; sourceTree = "<group>"; };
		5D9D1B6C2799F72100B887F5 /* Assets.xcassets */ = {isa = PBXFileReference; lastKnownFileType = folder.assetcatalog; path = Assets.xcassets; sourceTree = "<group>"; };
		5D9D1B6F2799F72100B887F5 /* Base */ = {isa = PBXFileReference; lastKnownFileType = file.storyboard; name = Base; path = Base.lproj/LaunchScreen.storyboard; sourceTree = "<group>"; };
		5D9D1B712799F72100B887F5 /* Info.plist */ = {isa = PBXFileReference; lastKnownFileType = text.plist.xml; path = Info.plist; sourceTree = "<group>"; };
		5D9D1B762799F72200B887F5 /* Flix-ProjectTests.xctest */ = {isa = PBXFileReference; explicitFileType = wrapper.cfbundle; includeInIndex = 0; path = "Flix-ProjectTests.xctest"; sourceTree = BUILT_PRODUCTS_DIR; };
		5D9D1B7A2799F72200B887F5 /* Flix_ProjectTests.swift */ = {isa = PBXFileReference; lastKnownFileType = sourcecode.swift; path = Flix_ProjectTests.swift; sourceTree = "<group>"; };
		5D9D1B802799F72200B887F5 /* Flix-ProjectUITests.xctest */ = {isa = PBXFileReference; explicitFileType = wrapper.cfbundle; includeInIndex = 0; path = "Flix-ProjectUITests.xctest"; sourceTree = BUILT_PRODUCTS_DIR; };
		5D9D1B842799F72200B887F5 /* Flix_ProjectUITests.swift */ = {isa = PBXFileReference; lastKnownFileType = sourcecode.swift; path = Flix_ProjectUITests.swift; sourceTree = "<group>"; };
		5D9D1B862799F72200B887F5 /* Flix_ProjectUITestsLaunchTests.swift */ = {isa = PBXFileReference; lastKnownFileType = sourcecode.swift; path = Flix_ProjectUITestsLaunchTests.swift; sourceTree = "<group>"; };
/* End PBXFileReference section */

/* Begin PBXFrameworksBuildPhase section */
		5D9D1B5D2799F71F00B887F5 /* Frameworks */ = {
			isa = PBXFrameworksBuildPhase;
			buildActionMask = 2147483647;
			files = (
			);
			runOnlyForDeploymentPostprocessing = 0;
		};
		5D9D1B732799F72200B887F5 /* Frameworks */ = {
			isa = PBXFrameworksBuildPhase;
			buildActionMask = 2147483647;
			files = (
			);
			runOnlyForDeploymentPostprocessing = 0;
		};
		5D9D1B7D2799F72200B887F5 /* Frameworks */ = {
			isa = PBXFrameworksBuildPhase;
			buildActionMask = 2147483647;
			files = (
			);
			runOnlyForDeploymentPostprocessing = 0;
		};
/* End PBXFrameworksBuildPhase section */

/* Begin PBXGroup section */
		5D9D1B572799F71F00B887F5 = {
			isa = PBXGroup;
			children = (
				5D9D1B622799F71F00B887F5 /* Flix-Project */,
				5D9D1B792799F72200B887F5 /* Flix-ProjectTests */,
				5D9D1B832799F72200B887F5 /* Flix-ProjectUITests */,
				5D9D1B612799F71F00B887F5 /* Products */,
			);
			sourceTree = "<group>";
		};
		5D9D1B612799F71F00B887F5 /* Products */ = {
			isa = PBXGroup;
			children = (
				5D9D1B602799F71F00B887F5 /* Flix-Project.app */,
				5D9D1B762799F72200B887F5 /* Flix-ProjectTests.xctest */,
				5D9D1B802799F72200B887F5 /* Flix-ProjectUITests.xctest */,
			);
			name = Products;
			sourceTree = "<group>";
		};
		5D9D1B622799F71F00B887F5 /* Flix-Project */ = {
			isa = PBXGroup;
			children = (
				5D9D1B632799F71F00B887F5 /* AppDelegate.swift */,
				5D9D1B652799F71F00B887F5 /* SceneDelegate.swift */,
				5D9D1B672799F71F00B887F5 /* ViewController.swift */,
				5D9D1B692799F71F00B887F5 /* Main.storyboard */,
				5D9D1B6C2799F72100B887F5 /* Assets.xcassets */,
				5D9D1B6E2799F72100B887F5 /* LaunchScreen.storyboard */,
				5D9D1B712799F72100B887F5 /* Info.plist */,
			);
			path = "Flix-Project";
			sourceTree = "<group>";
		};
		5D9D1B792799F72200B887F5 /* Flix-ProjectTests */ = {
			isa = PBXGroup;
			children = (
				5D9D1B7A2799F72200B887F5 /* Flix_ProjectTests.swift */,
			);
			path = "Flix-ProjectTests";
			sourceTree = "<group>";
		};
		5D9D1B832799F72200B887F5 /* Flix-ProjectUITests */ = {
			isa = PBXGroup;
			children = (
				5D9D1B842799F72200B887F5 /* Flix_ProjectUITests.swift */,
				5D9D1B862799F72200B887F5 /* Flix_ProjectUITestsLaunchTests.swift */,
			);
			path = "Flix-ProjectUITests";
			sourceTree = "<group>";
		};
/* End PBXGroup section */

/* Begin PBXNativeTarget section */
		5D9D1B5F2799F71F00B887F5 /* Flix-Project */ = {
			isa = PBXNativeTarget;
			buildConfigurationList = 5D9D1B8A2799F72200B887F5 /* Build configuration list for PBXNativeTarget "Flix-Project" */;
			buildPhases = (
				5D9D1B5C2799F71F00B887F5 /* Sources */,
				5D9D1B5D2799F71F00B887F5 /* Frameworks */,
				5D9D1B5E2799F71F00B887F5 /* Resources */,
			);
			buildRules = (
			);
			dependencies = (
			);
			name = "Flix-Project";
			productName = "Flix-Project";
			productReference = 5D9D1B602799F71F00B887F5 /* Flix-Project.app */;
			productType = "com.apple.product-type.application";
		};
		5D9D1B752799F72200B887F5 /* Flix-ProjectTests */ = {
			isa = PBXNativeTarget;
			buildConfigurationList = 5D9D1B8D2799F72200B887F5 /* Build configuration list for PBXNativeTarget "Flix-ProjectTests" */;
			buildPhases = (
				5D9D1B722799F72200B887F5 /* Sources */,
				5D9D1B732799F72200B887F5 /* Frameworks */,
				5D9D1B742799F72200B887F5 /* Resources */,
			);
			buildRules = (
			);
			dependencies = (
				5D9D1B782799F72200B887F5 /* PBXTargetDependency */,
			);
			name = "Flix-ProjectTests";
			productName = "Flix-ProjectTests";
			productReference = 5D9D1B762799F72200B887F5 /* Flix-ProjectTests.xctest */;
			productType = "com.apple.product-type.bundle.unit-test";
		};
		5D9D1B7F2799F72200B887F5 /* Flix-ProjectUITests */ = {
			isa = PBXNativeTarget;
			buildConfigurationList = 5D9D1B902799F72200B887F5 /* Build configuration list for PBXNativeTarget "Flix-ProjectUITests" */;
			buildPhases = (
				5D9D1B7C2799F72200B887F5 /* Sources */,
				5D9D1B7D2799F72200B887F5 /* Frameworks */,
				5D9D1B7E2799F72200B887F5 /* Resources */,
			);
			buildRules = (
			);
			dependencies = (
				5D9D1B822799F72200B887F5 /* PBXTargetDependency */,
			);
			name = "Flix-ProjectUITests";
			productName = "Flix-ProjectUITests";
			productReference = 5D9D1B802799F72200B887F5 /* Flix-ProjectUITests.xctest */;
			productType = "com.apple.product-type.bundle.ui-testing";
		};
/* End PBXNativeTarget section */

/* Begin PBXProject section */
		5D9D1B582799F71F00B887F5 /* Project object */ = {
			isa = PBXProject;
			attributes = {
				BuildIndependentTargetsInParallel = 1;
				LastSwiftUpdateCheck = 1320;
				LastUpgradeCheck = 1320;
				TargetAttributes = {
					5D9D1B5F2799F71F00B887F5 = {
						CreatedOnToolsVersion = 13.2.1;
					};
					5D9D1B752799F72200B887F5 = {
						CreatedOnToolsVersion = 13.2.1;
						TestTargetID = 5D9D1B5F2799F71F00B887F5;
					};
					5D9D1B7F2799F72200B887F5 = {
						CreatedOnToolsVersion = 13.2.1;
						TestTargetID = 5D9D1B5F2799F71F00B887F5;
					};
				};
			};
			buildConfigurationList = 5D9D1B5B2799F71F00B887F5 /* Build configuration list for PBXProject "Flix-Project" */;
			compatibilityVersion = "Xcode 13.0";
			developmentRegion = en;
			hasScannedForEncodings = 0;
			knownRegions = (
				en,
				Base,
			);
			mainGroup = 5D9D1B572799F71F00B887F5;
			productRefGroup = 5D9D1B612799F71F00B887F5 /* Products */;
			projectDirPath = "";
			projectRoot = "";
			targets = (
				5D9D1B5F2799F71F00B887F5 /* Flix-Project */,
				5D9D1B752799F72200B887F5 /* Flix-ProjectTests */,
				5D9D1B7F2799F72200B887F5 /* Flix-ProjectUITests */,
			);
		};
/* End PBXProject section */

/* Begin PBXResourcesBuildPhase section */
		5D9D1B5E2799F71F00B887F5 /* Resources */ = {
			isa = PBXResourcesBuildPhase;
			buildActionMask = 2147483647;
			files = (
				5D9D1B702799F72100B887F5 /* LaunchScreen.storyboard in Resources */,
				5D9D1B6D2799F72100B887F5 /* Assets.xcassets in Resources */,
				5D9D1B6B2799F71F00B887F5 /* Main.storyboard in Resources */,
			);
			runOnlyForDeploymentPostprocessing = 0;
		};
		5D9D1B742799F72200B887F5 /* Resources */ = {
			isa = PBXResourcesBuildPhase;
			buildActionMask = 2147483647;
			files = (
			);
			runOnlyForDeploymentPostprocessing = 0;
		};
		5D9D1B7E2799F72200B887F5 /* Resources */ = {
			isa = PBXResourcesBuildPhase;
			buildActionMask = 2147483647;
			files = (
			);
			runOnlyForDeploymentPostprocessing = 0;
		};
/* End PBXResourcesBuildPhase section */

/* Begin PBXSourcesBuildPhase section */
		5D9D1B5C2799F71F00B887F5 /* Sources */ = {
			isa = PBXSourcesBuildPhase;
			buildActionMask = 2147483647;
			files = (
				5D9D1B682799F71F00B887F5 /* ViewController.swift in Sources */,
				5D9D1B642799F71F00B887F5 /* AppDelegate.swift in Sources */,
				5D9D1B662799F71F00B887F5 /* SceneDelegate.swift in Sources */,
			);
			runOnlyForDeploymentPostprocessing = 0;
		};
		5D9D1B722799F72200B887F5 /* Sources */ = {
			isa = PBXSourcesBuildPhase;
			buildActionMask = 2147483647;
			files = (
				5D9D1B7B2799F72200B887F5 /* Flix_ProjectTests.swift in Sources */,
			);
			runOnlyForDeploymentPostprocessing = 0;
		};
		5D9D1B7C2799F72200B887F5 /* Sources */ = {
			isa = PBXSourcesBuildPhase;
			buildActionMask = 2147483647;
			files = (
				5D9D1B852799F72200B887F5 /* Flix_ProjectUITests.swift in Sources */,
				5D9D1B872799F72200B887F5 /* Flix_ProjectUITestsLaunchTests.swift in Sources */,
			);
			runOnlyForDeploymentPostprocessing = 0;
		};
/* End PBXSourcesBuildPhase section */

/* Begin PBXTargetDependency section */
		5D9D1B782799F72200B887F5 /* PBXTargetDependency */ = {
			isa = PBXTargetDependency;
			target = 5D9D1B5F2799F71F00B887F5 /* Flix-Project */;
			targetProxy = 5D9D1B772799F72200B887F5 /* PBXContainerItemProxy */;
		};
		5D9D1B822799F72200B887F5 /* PBXTargetDependency */ = {
			isa = PBXTargetDependency;
			target = 5D9D1B5F2799F71F00B887F5 /* Flix-Project */;
			targetProxy = 5D9D1B812799F72200B887F5 /* PBXContainerItemProxy */;
		};
/* End PBXTargetDependency section */

/* Begin PBXVariantGroup section */
		5D9D1B692799F71F00B887F5 /* Main.storyboard */ = {
			isa = PBXVariantGroup;
			children = (
				5D9D1B6A2799F71F00B887F5 /* Base */,
			);
			name = Main.storyboard;
			sourceTree = "<group>";
		};
		5D9D1B6E2799F72100B887F5 /* LaunchScreen.storyboard */ = {
			isa = PBXVariantGroup;
			children = (
				5D9D1B6F2799F72100B887F5 /* Base */,
			);
			name = LaunchScreen.storyboard;
			sourceTree = "<group>";
		};
/* End PBXVariantGroup section */

/* Begin XCBuildConfiguration section */
		5D9D1B882799F72200B887F5 /* Debug */ = {
			isa = XCBuildConfiguration;
			buildSettings = {
				ALWAYS_SEARCH_USER_PATHS = NO;
				CLANG_ANALYZER_NONNULL = YES;
				CLANG_ANALYZER_NUMBER_OBJECT_CONVERSION = YES_AGGRESSIVE;
				CLANG_CXX_LANGUAGE_STANDARD = "gnu++17";
				CLANG_CXX_LIBRARY = "libc++";
				CLANG_ENABLE_MODULES = YES;
				CLANG_ENABLE_OBJC_ARC = YES;
				CLANG_ENABLE_OBJC_WEAK = YES;
				CLANG_WARN_BLOCK_CAPTURE_AUTORELEASING = YES;
				CLANG_WARN_BOOL_CONVERSION = YES;
				CLANG_WARN_COMMA = YES;
				CLANG_WARN_CONSTANT_CONVERSION = YES;
				CLANG_WARN_DEPRECATED_OBJC_IMPLEMENTATIONS = YES;
				CLANG_WARN_DIRECT_OBJC_ISA_USAGE = YES_ERROR;
				CLANG_WARN_DOCUMENTATION_COMMENTS = YES;
				CLANG_WARN_EMPTY_BODY = YES;
				CLANG_WARN_ENUM_CONVERSION = YES;
				CLANG_WARN_INFINITE_RECURSION = YES;
				CLANG_WARN_INT_CONVERSION = YES;
				CLANG_WARN_NON_LITERAL_NULL_CONVERSION = YES;
				CLANG_WARN_OBJC_IMPLICIT_RETAIN_SELF = YES;
				CLANG_WARN_OBJC_LITERAL_CONVERSION = YES;
				CLANG_WARN_OBJC_ROOT_CLASS = YES_ERROR;
				CLANG_WARN_QUOTED_INCLUDE_IN_FRAMEWORK_HEADER = YES;
				CLANG_WARN_RANGE_LOOP_ANALYSIS = YES;
				CLANG_WARN_STRICT_PROTOTYPES = YES;
				CLANG_WARN_SUSPICIOUS_MOVE = YES;
				CLANG_WARN_UNGUARDED_AVAILABILITY = YES_AGGRESSIVE;
				CLANG_WARN_UNREACHABLE_CODE = YES;
				CLANG_WARN__DUPLICATE_METHOD_MATCH = YES;
				COPY_PHASE_STRIP = NO;
				DEBUG_INFORMATION_FORMAT = dwarf;
				ENABLE_STRICT_OBJC_MSGSEND = YES;
				ENABLE_TESTABILITY = YES;
				GCC_C_LANGUAGE_STANDARD = gnu11;
				GCC_DYNAMIC_NO_PIC = NO;
				GCC_NO_COMMON_BLOCKS = YES;
				GCC_OPTIMIZATION_LEVEL = 0;
				GCC_PREPROCESSOR_DEFINITIONS = (
					"DEBUG=1",
					"$(inherited)",
				);
				GCC_WARN_64_TO_32_BIT_CONVERSION = YES;
				GCC_WARN_ABOUT_RETURN_TYPE = YES_ERROR;
				GCC_WARN_UNDECLARED_SELECTOR = YES;
				GCC_WARN_UNINITIALIZED_AUTOS = YES_AGGRESSIVE;
				GCC_WARN_UNUSED_FUNCTION = YES;
				GCC_WARN_UNUSED_VARIABLE = YES;
				IPHONEOS_DEPLOYMENT_TARGET = 15.2;
				MTL_ENABLE_DEBUG_INFO = INCLUDE_SOURCE;
				MTL_FAST_MATH = YES;
				ONLY_ACTIVE_ARCH = YES;
				SDKROOT = iphoneos;
				SWIFT_ACTIVE_COMPILATION_CONDITIONS = DEBUG;
				SWIFT_OPTIMIZATION_LEVEL = "-Onone";
			};
			name = Debug;
		};
		5D9D1B892799F72200B887F5 /* Release */ = {
			isa = XCBuildConfiguration;
			buildSettings = {
				ALWAYS_SEARCH_USER_PATHS = NO;
				CLANG_ANALYZER_NONNULL = YES;
				CLANG_ANALYZER_NUMBER_OBJECT_CONVERSION = YES_AGGRESSIVE;
				CLANG_CXX_LANGUAGE_STANDARD = "gnu++17";
				CLANG_CXX_LIBRARY = "libc++";
				CLANG_ENABLE_MODULES = YES;
				CLANG_ENABLE_OBJC_ARC = YES;
				CLANG_ENABLE_OBJC_WEAK = YES;
				CLANG_WARN_BLOCK_CAPTURE_AUTORELEASING = YES;
				CLANG_WARN_BOOL_CONVERSION = YES;
				CLANG_WARN_COMMA = YES;
				CLANG_WARN_CONSTANT_CONVERSION = YES;
				CLANG_WARN_DEPRECATED_OBJC_IMPLEMENTATIONS = YES;
				CLANG_WARN_DIRECT_OBJC_ISA_USAGE = YES_ERROR;
				CLANG_WARN_DOCUMENTATION_COMMENTS = YES;
				CLANG_WARN_EMPTY_BODY = YES;
				CLANG_WARN_ENUM_CONVERSION = YES;
				CLANG_WARN_INFINITE_RECURSION = YES;
				CLANG_WARN_INT_CONVERSION = YES;
				CLANG_WARN_NON_LITERAL_NULL_CONVERSION = YES;
				CLANG_WARN_OBJC_IMPLICIT_RETAIN_SELF = YES;
				CLANG_WARN_OBJC_LITERAL_CONVERSION = YES;
				CLANG_WARN_OBJC_ROOT_CLASS = YES_ERROR;
				CLANG_WARN_QUOTED_INCLUDE_IN_FRAMEWORK_HEADER = YES;
				CLANG_WARN_RANGE_LOOP_ANALYSIS = YES;
				CLANG_WARN_STRICT_PROTOTYPES = YES;
				CLANG_WARN_SUSPICIOUS_MOVE = YES;
				CLANG_WARN_UNGUARDED_AVAILABILITY = YES_AGGRESSIVE;
				CLANG_WARN_UNREACHABLE_CODE = YES;
				CLANG_WARN__DUPLICATE_METHOD_MATCH = YES;
				COPY_PHASE_STRIP = NO;
				DEBUG_INFORMATION_FORMAT = "dwarf-with-dsym";
				ENABLE_NS_ASSERTIONS = NO;
				ENABLE_STRICT_OBJC_MSGSEND = YES;
				GCC_C_LANGUAGE_STANDARD = gnu11;
				GCC_NO_COMMON_BLOCKS = YES;
				GCC_WARN_64_TO_32_BIT_CONVERSION = YES;
				GCC_WARN_ABOUT_RETURN_TYPE = YES_ERROR;
				GCC_WARN_UNDECLARED_SELECTOR = YES;
				GCC_WARN_UNINITIALIZED_AUTOS = YES_AGGRESSIVE;
				GCC_WARN_UNUSED_FUNCTION = YES;
				GCC_WARN_UNUSED_VARIABLE = YES;
				IPHONEOS_DEPLOYMENT_TARGET = 15.2;
				MTL_ENABLE_DEBUG_INFO = NO;
				MTL_FAST_MATH = YES;
				SDKROOT = iphoneos;
				SWIFT_COMPILATION_MODE = wholemodule;
				SWIFT_OPTIMIZATION_LEVEL = "-O";
				VALIDATE_PRODUCT = YES;
			};
			name = Release;
		};
		5D9D1B8B2799F72200B887F5 /* Debug */ = {
			isa = XCBuildConfiguration;
			buildSettings = {
				ASSETCATALOG_COMPILER_APPICON_NAME = AppIcon;
				ASSETCATALOG_COMPILER_GLOBAL_ACCENT_COLOR_NAME = AccentColor;
				CODE_SIGN_STYLE = Automatic;
				CURRENT_PROJECT_VERSION = 1;
				DEVELOPMENT_TEAM = GFJQN96NKL;
				GENERATE_INFOPLIST_FILE = YES;
				INFOPLIST_FILE = "Flix-Project/Info.plist";
				INFOPLIST_KEY_UIApplicationSupportsIndirectInputEvents = YES;
				INFOPLIST_KEY_UILaunchStoryboardName = LaunchScreen;
				INFOPLIST_KEY_UIMainStoryboardFile = Main;
				INFOPLIST_KEY_UISupportedInterfaceOrientations_iPad = "UIInterfaceOrientationPortrait UIInterfaceOrientationPortraitUpsideDown UIInterfaceOrientationLandscapeLeft UIInterfaceOrientationLandscapeRight";
				INFOPLIST_KEY_UISupportedInterfaceOrientations_iPhone = "UIInterfaceOrientationPortrait UIInterfaceOrientationLandscapeLeft UIInterfaceOrientationLandscapeRight";
				LD_RUNPATH_SEARCH_PATHS = (
					"$(inherited)",
					"@executable_path/Frameworks",
				);
				MARKETING_VERSION = 1.0;
				PRODUCT_BUNDLE_IDENTIFIER = "com.alexishvostal.Flix-Project";
				PRODUCT_NAME = "$(TARGET_NAME)";
				SWIFT_EMIT_LOC_STRINGS = YES;
				SWIFT_VERSION = 5.0;
				TARGETED_DEVICE_FAMILY = "1,2";
			};
			name = Debug;
		};
		5D9D1B8C2799F72200B887F5 /* Release */ = {
			isa = XCBuildConfiguration;
			buildSettings = {
				ASSETCATALOG_COMPILER_APPICON_NAME = AppIcon;
				ASSETCATALOG_COMPILER_GLOBAL_ACCENT_COLOR_NAME = AccentColor;
				CODE_SIGN_STYLE = Automatic;
				CURRENT_PROJECT_VERSION = 1;
				DEVELOPMENT_TEAM = GFJQN96NKL;
				GENERATE_INFOPLIST_FILE = YES;
				INFOPLIST_FILE = "Flix-Project/Info.plist";
				INFOPLIST_KEY_UIApplicationSupportsIndirectInputEvents = YES;
				INFOPLIST_KEY_UILaunchStoryboardName = LaunchScreen;
				INFOPLIST_KEY_UIMainStoryboardFile = Main;
				INFOPLIST_KEY_UISupportedInterfaceOrientations_iPad = "UIInterfaceOrientationPortrait UIInterfaceOrientationPortraitUpsideDown UIInterfaceOrientationLandscapeLeft UIInterfaceOrientationLandscapeRight";
				INFOPLIST_KEY_UISupportedInterfaceOrientations_iPhone = "UIInterfaceOrientationPortrait UIInterfaceOrientationLandscapeLeft UIInterfaceOrientationLandscapeRight";
				LD_RUNPATH_SEARCH_PATHS = (
					"$(inherited)",
					"@executable_path/Frameworks",
				);
				MARKETING_VERSION = 1.0;
				PRODUCT_BUNDLE_IDENTIFIER = "com.alexishvostal.Flix-Project";
				PRODUCT_NAME = "$(TARGET_NAME)";
				SWIFT_EMIT_LOC_STRINGS = YES;
				SWIFT_VERSION = 5.0;
				TARGETED_DEVICE_FAMILY = "1,2";
			};
			name = Release;
		};
		5D9D1B8E2799F72200B887F5 /* Debug */ = {
			isa = XCBuildConfiguration;
			buildSettings = {
				ALWAYS_EMBED_SWIFT_STANDARD_LIBRARIES = YES;
				BUNDLE_LOADER = "$(TEST_HOST)";
				CODE_SIGN_STYLE = Automatic;
				CURRENT_PROJECT_VERSION = 1;
				DEVELOPMENT_TEAM = GFJQN96NKL;
				GENERATE_INFOPLIST_FILE = YES;
				IPHONEOS_DEPLOYMENT_TARGET = 15.2;
				MARKETING_VERSION = 1.0;
				PRODUCT_BUNDLE_IDENTIFIER = "com.alexishvostal.Flix-ProjectTests";
				PRODUCT_NAME = "$(TARGET_NAME)";
				SWIFT_EMIT_LOC_STRINGS = NO;
				SWIFT_VERSION = 5.0;
				TARGETED_DEVICE_FAMILY = "1,2";
				TEST_HOST = "$(BUILT_PRODUCTS_DIR)/Flix-Project.app/Flix-Project";
			};
			name = Debug;
		};
		5D9D1B8F2799F72200B887F5 /* Release */ = {
			isa = XCBuildConfiguration;
			buildSettings = {
				ALWAYS_EMBED_SWIFT_STANDARD_LIBRARIES = YES;
				BUNDLE_LOADER = "$(TEST_HOST)";
				CODE_SIGN_STYLE = Automatic;
				CURRENT_PROJECT_VERSION = 1;
				DEVELOPMENT_TEAM = GFJQN96NKL;
				GENERATE_INFOPLIST_FILE = YES;
				IPHONEOS_DEPLOYMENT_TARGET = 15.2;
				MARKETING_VERSION = 1.0;
				PRODUCT_BUNDLE_IDENTIFIER = "com.alexishvostal.Flix-ProjectTests";
				PRODUCT_NAME = "$(TARGET_NAME)";
				SWIFT_EMIT_LOC_STRINGS = NO;
				SWIFT_VERSION = 5.0;
				TARGETED_DEVICE_FAMILY = "1,2";
				TEST_HOST = "$(BUILT_PRODUCTS_DIR)/Flix-Project.app/Flix-Project";
			};
			name = Release;
		};
		5D9D1B912799F72200B887F5 /* Debug */ = {
			isa = XCBuildConfiguration;
			buildSettings = {
				ALWAYS_EMBED_SWIFT_STANDARD_LIBRARIES = YES;
				CODE_SIGN_STYLE = Automatic;
				CURRENT_PROJECT_VERSION = 1;
				DEVELOPMENT_TEAM = GFJQN96NKL;
				GENERATE_INFOPLIST_FILE = YES;
				MARKETING_VERSION = 1.0;
				PRODUCT_BUNDLE_IDENTIFIER = "com.alexishvostal.Flix-ProjectUITests";
				PRODUCT_NAME = "$(TARGET_NAME)";
				SWIFT_EMIT_LOC_STRINGS = NO;
				SWIFT_VERSION = 5.0;
				TARGETED_DEVICE_FAMILY = "1,2";
				TEST_TARGET_NAME = "Flix-Project";
			};
			name = Debug;
		};
		5D9D1B922799F72200B887F5 /* Release */ = {
			isa = XCBuildConfiguration;
			buildSettings = {
				ALWAYS_EMBED_SWIFT_STANDARD_LIBRARIES = YES;
				CODE_SIGN_STYLE = Automatic;
				CURRENT_PROJECT_VERSION = 1;
				DEVELOPMENT_TEAM = GFJQN96NKL;
				GENERATE_INFOPLIST_FILE = YES;
				MARKETING_VERSION = 1.0;
				PRODUCT_BUNDLE_IDENTIFIER = "com.alexishvostal.Flix-ProjectUITests";
				PRODUCT_NAME = "$(TARGET_NAME)";
				SWIFT_EMIT_LOC_STRINGS = NO;
				SWIFT_VERSION = 5.0;
				TARGETED_DEVICE_FAMILY = "1,2";
				TEST_TARGET_NAME = "Flix-Project";
			};
			name = Release;
		};
/* End XCBuildConfiguration section */

/* Begin XCConfigurationList section */
		5D9D1B5B2799F71F00B887F5 /* Build configuration list for PBXProject "Flix-Project" */ = {
			isa = XCConfigurationList;
			buildConfigurations = (
				5D9D1B882799F72200B887F5 /* Debug */,
				5D9D1B892799F72200B887F5 /* Release */,
			);
			defaultConfigurationIsVisible = 0;
			defaultConfigurationName = Release;
		};
		5D9D1B8A2799F72200B887F5 /* Build configuration list for PBXNativeTarget "Flix-Project" */ = {
			isa = XCConfigurationList;
			buildConfigurations = (
				5D9D1B8B2799F72200B887F5 /* Debug */,
				5D9D1B8C2799F72200B887F5 /* Release */,
			);
			defaultConfigurationIsVisible = 0;
			defaultConfigurationName = Release;
		};
		5D9D1B8D2799F72200B887F5 /* Build configuration list for PBXNativeTarget "Flix-ProjectTests" */ = {
			isa = XCConfigurationList;
			buildConfigurations = (
				5D9D1B8E2799F72200B887F5 /* Debug */,
				5D9D1B8F2799F72200B887F5 /* Release */,
			);
			defaultConfigurationIsVisible = 0;
			defaultConfigurationName = Release;
		};
		5D9D1B902799F72200B887F5 /* Build configuration list for PBXNativeTarget "Flix-ProjectUITests" */ = {
			isa = XCConfigurationList;
			buildConfigurations = (
				5D9D1B912799F72200B887F5 /* Debug */,
				5D9D1B922799F72200B887F5 /* Release */,
			);
			defaultConfigurationIsVisible = 0;
			defaultConfigurationName = Release;
		};
/* End XCConfigurationList section */
	};
	rootObject = 5D9D1B582799F71F00B887F5 /* Project object */;
}
